
Microsoft Visual Studio Solution File, Format Version 12.00
Project("{FAE04EC0-301F-11D3-BF4B-00C04F79EFBC}") = "DataAccess", "src\DataAccess\DataAccess.csproj", "{C80C7DFA-8B22-4A07-8EB6-70B31484DAEA}"
EndProject
Project("{FAE04EC0-301F-11D3-BF4B-00C04F79EFBC}") = "Server", "src\Server\Server.csproj", "{B96E66CB-2D44-48E0-931F-B4DA42A24C2E}"
EndProject
Project("{FAE04EC0-301F-11D3-BF4B-00C04F79EFBC}") = "Services", "src\Services\Services.csproj", "{CF246F19-26A8-44B3-A165-181CE8B6C0B2}"
EndProject
Project("{FAE04EC0-301F-11D3-BF4B-00C04F79EFBC}") = "Contracts", "src\Contracts\Contracts.csproj", "{ABCCB2F8-E62F-4E5B-A4E3-0A25B85A51A2}"
EndProject
Global
	GlobalSection(SolutionConfigurationPlatforms) = preSolution
		Debug|Any CPU = Debug|Any CPU
		Release|Any CPU = Release|Any CPU
	EndGlobalSection
	GlobalSection(ProjectConfigurationPlatforms) = postSolution
		{C80C7DFA-8B22-4A07-8EB6-70B31484DAEA}.Debug|Any CPU.ActiveCfg = Debug|Any CPU
		{C80C7DFA-8B22-4A07-8EB6-70B31484DAEA}.Debug|Any CPU.Build.0 = Debug|Any CPU
		{C80C7DFA-8B22-4A07-8EB6-70B31484DAEA}.Release|Any CPU.ActiveCfg = Release|Any CPU
		{C80C7DFA-8B22-4A07-8EB6-70B31484DAEA}.Release|Any CPU.Build.0 = Release|Any CPU
		{B96E66CB-2D44-48E0-931F-B4DA42A24C2E}.Debug|Any CPU.ActiveCfg = Debug|Any CPU
		{B96E66CB-2D44-48E0-931F-B4DA42A24C2E}.Debug|Any CPU.Build.0 = Debug|Any CPU
		{B96E66CB-2D44-48E0-931F-B4DA42A24C2E}.Release|Any CPU.ActiveCfg = Release|Any CPU
		{B96E66CB-2D44-48E0-931F-B4DA42A24C2E}.Release|Any CPU.Build.0 = Release|Any CPU
		{CF246F19-26A8-44B3-A165-181CE8B6C0B2}.Debug|Any CPU.ActiveCfg = Debug|Any CPU
		{CF246F19-26A8-44B3-A165-181CE8B6C0B2}.Debug|Any CPU.Build.0 = Debug|Any CPU
		{CF246F19-26A8-44B3-A165-181CE8B6C0B2}.Release|Any CPU.ActiveCfg = Release|Any CPU
		{CF246F19-26A8-44B3-A165-181CE8B6C0B2}.Release|Any CPU.Build.0 = Release|Any CPU
		{ABCCB2F8-E62F-4E5B-A4E3-0A25B85A51A2}.Debug|Any CPU.ActiveCfg = Debug|Any CPU
		{ABCCB2F8-E62F-4E5B-A4E3-0A25B85A51A2}.Debug|Any CPU.Build.0 = Debug|Any CPU
		{ABCCB2F8-E62F-4E5B-A4E3-0A25B85A51A2}.Release|Any CPU.ActiveCfg = Release|Any CPU
		{ABCCB2F8-E62F-4E5B-A4E3-0A25B85A51A2}.Release|Any CPU.Build.0 = Release|Any CPU
	EndGlobalSection
	GlobalSection(NestedProjects) = preSolution
	EndGlobalSection
EndGlobal
